
Microsoft Visual Studio Solution File, Format Version 12.00
# Visual Studio Version 17
VisualStudioVersion = 17.0.31903.59
MinimumVisualStudioVersion = 10.0.40219.1
Project("{2150E333-8FDC-42A3-9474-1A3956D46DE8}") = "src", "src", "{48F8D5C1-D3A2-4518-AFCD-C231EA3F1DD6}"
EndProject
Project("{2150E333-8FDC-42A3-9474-1A3956D46DE8}") = "tests", "tests", "{AE6343D6-C11B-46B6-9AC7-250C2DE532ED}"
EndProject
Project("{FAE04EC0-301F-11D3-BF4B-00C04F79EFBC}") = "Skelly.WebApi.Domain", "src\Skelly.WebApi.Domain\Skelly.WebApi.Domain.csproj", "{EC0B7458-9274-4971-B91A-25D752F52BB0}"
EndProject
Project("{FAE04EC0-301F-11D3-BF4B-00C04F79EFBC}") = "Skelly.WebApi.Application", "src\Skelly.WebApi.Application\Skelly.WebApi.Application.csproj", "{2F0834D3-C542-4A19-8C79-B1CA75580FD6}"
EndProject
Project("{FAE04EC0-301F-11D3-BF4B-00C04F79EFBC}") = "Skelly.WebApi.Infrastructure", "src\Skelly.WebApi.Infrastructure\Skelly.WebApi.Infrastructure.csproj", "{8DD4D992-281D-493B-A439-F26328D443A9}"
EndProject
Project("{FAE04EC0-301F-11D3-BF4B-00C04F79EFBC}") = "Skelly.WebApi.Presentation", "src\Skelly.WebApi.Presentation\Skelly.WebApi.Presentation.csproj", "{4518C855-EA27-4632-948D-D25523790024}"
EndProject
Project("{FAE04EC0-301F-11D3-BF4B-00C04F79EFBC}") = "Skelly.WebApi.Domain.UnitTests", "tests\Skelly.WebApi.Domain.UnitTests\Skelly.WebApi.Domain.UnitTests.csproj", "{99BB4182-1EA3-41CF-8980-F57F69459A34}"
EndProject
Project("{FAE04EC0-301F-11D3-BF4B-00C04F79EFBC}") = "Skelly.WebApi.Application.UnitTests", "tests\Skelly.WebApi.Application.UnitTests\Skelly.WebApi.Application.UnitTests.csproj", "{67F3C8C2-BE2D-49CE-A8DF-10E295AEB8ED}"
EndProject
Project("{FAE04EC0-301F-11D3-BF4B-00C04F79EFBC}") = "Skelly.WebApi.Presentation.UnitTests", "tests\Skelly.WebApi.Presentation.UnitTests\Skelly.WebApi.Presentation.UnitTests.csproj", "{BCFDDC76-E449-4A38-BE64-A0C4E85176F7}"
EndProject
Project("{FAE04EC0-301F-11D3-BF4B-00C04F79EFBC}") = "Skelly.WebApi.IntegrationTests", "tests\Skelly.WebApi.IntegrationTests\Skelly.WebApi.IntegrationTests.csproj", "{9A79DD7D-3250-4F37-B336-4309E0AFD9B3}"
EndProject
Project("{2150E333-8FDC-42A3-9474-1A3956D46DE8}") = "UnitTests", "UnitTests", "{7A0D8B4D-921F-4910-A9F0-A26C34717E19}"
EndProject
Project("{2150E333-8FDC-42A3-9474-1A3956D46DE8}") = "IntegrationTests", "IntegrationTests", "{0FCC221A-4DDF-4D20-A732-29C36EC318DD}"
EndProject
Project("{2150E333-8FDC-42A3-9474-1A3956D46DE8}") = "Application", "Application", "{C2C00CC7-3DC0-4AF9-B797-650B82A8BCB3}"
EndProject
Project("{2150E333-8FDC-42A3-9474-1A3956D46DE8}") = "Domain", "Domain", "{79C7C84E-E82B-4107-91BC-33CF5251F550}"
EndProject
Project("{2150E333-8FDC-42A3-9474-1A3956D46DE8}") = "Infrastructure", "Infrastructure", "{FF96607D-8C41-4CB8-9BAD-56CC7A715116}"
EndProject
Project("{2150E333-8FDC-42A3-9474-1A3956D46DE8}") = "Presentation", "Presentation", "{CCB4D0D9-88DD-453C-A9BA-6BF6485C04EA}"
EndProject
Project("{2150E333-8FDC-42A3-9474-1A3956D46DE8}") = "FunctionalTests", "FunctionalTests", "{5891D779-61F2-4536-888D-12CC8213CDB5}"
EndProject
Project("{FAE04EC0-301F-11D3-BF4B-00C04F79EFBC}") = "Skelly.WebApi.FunctionalTests", "tests\Skelly.WebApi.FunctionalTests\Skelly.WebApi.FunctionalTests.csproj", "{9BC83A8D-D2AB-4D34-8F2D-91623B8E8446}"
EndProject
Global
	GlobalSection(SolutionConfigurationPlatforms) = preSolution
		Debug|Any CPU = Debug|Any CPU
		Release|Any CPU = Release|Any CPU
	EndGlobalSection
	GlobalSection(ProjectConfigurationPlatforms) = postSolution
		{EC0B7458-9274-4971-B91A-25D752F52BB0}.Debug|Any CPU.ActiveCfg = Debug|Any CPU
		{EC0B7458-9274-4971-B91A-25D752F52BB0}.Debug|Any CPU.Build.0 = Debug|Any CPU
		{EC0B7458-9274-4971-B91A-25D752F52BB0}.Release|Any CPU.ActiveCfg = Release|Any CPU
		{EC0B7458-9274-4971-B91A-25D752F52BB0}.Release|Any CPU.Build.0 = Release|Any CPU
		{2F0834D3-C542-4A19-8C79-B1CA75580FD6}.Debug|Any CPU.ActiveCfg = Debug|Any CPU
		{2F0834D3-C542-4A19-8C79-B1CA75580FD6}.Debug|Any CPU.Build.0 = Debug|Any CPU
		{2F0834D3-C542-4A19-8C79-B1CA75580FD6}.Release|Any CPU.ActiveCfg = Release|Any CPU
		{2F0834D3-C542-4A19-8C79-B1CA75580FD6}.Release|Any CPU.Build.0 = Release|Any CPU
		{8DD4D992-281D-493B-A439-F26328D443A9}.Debug|Any CPU.ActiveCfg = Debug|Any CPU
		{8DD4D992-281D-493B-A439-F26328D443A9}.Debug|Any CPU.Build.0 = Debug|Any CPU
		{8DD4D992-281D-493B-A439-F26328D443A9}.Release|Any CPU.ActiveCfg = Release|Any CPU
		{8DD4D992-281D-493B-A439-F26328D443A9}.Release|Any CPU.Build.0 = Release|Any CPU
		{4518C855-EA27-4632-948D-D25523790024}.Debug|Any CPU.ActiveCfg = Debug|Any CPU
		{4518C855-EA27-4632-948D-D25523790024}.Debug|Any CPU.Build.0 = Debug|Any CPU
		{4518C855-EA27-4632-948D-D25523790024}.Release|Any CPU.ActiveCfg = Release|Any CPU
		{4518C855-EA27-4632-948D-D25523790024}.Release|Any CPU.Build.0 = Release|Any CPU
		{99BB4182-1EA3-41CF-8980-F57F69459A34}.Debug|Any CPU.ActiveCfg = Debug|Any CPU
		{99BB4182-1EA3-41CF-8980-F57F69459A34}.Debug|Any CPU.Build.0 = Debug|Any CPU
		{99BB4182-1EA3-41CF-8980-F57F69459A34}.Release|Any CPU.ActiveCfg = Release|Any CPU
		{99BB4182-1EA3-41CF-8980-F57F69459A34}.Release|Any CPU.Build.0 = Release|Any CPU
		{67F3C8C2-BE2D-49CE-A8DF-10E295AEB8ED}.Debug|Any CPU.ActiveCfg = Debug|Any CPU
		{67F3C8C2-BE2D-49CE-A8DF-10E295AEB8ED}.Debug|Any CPU.Build.0 = Debug|Any CPU
		{67F3C8C2-BE2D-49CE-A8DF-10E295AEB8ED}.Release|Any CPU.ActiveCfg = Release|Any CPU
		{67F3C8C2-BE2D-49CE-A8DF-10E295AEB8ED}.Release|Any CPU.Build.0 = Release|Any CPU
		{BCFDDC76-E449-4A38-BE64-A0C4E85176F7}.Debug|Any CPU.ActiveCfg = Debug|Any CPU
		{BCFDDC76-E449-4A38-BE64-A0C4E85176F7}.Debug|Any CPU.Build.0 = Debug|Any CPU
		{BCFDDC76-E449-4A38-BE64-A0C4E85176F7}.Release|Any CPU.ActiveCfg = Release|Any CPU
		{BCFDDC76-E449-4A38-BE64-A0C4E85176F7}.Release|Any CPU.Build.0 = Release|Any CPU
		{9A79DD7D-3250-4F37-B336-4309E0AFD9B3}.Debug|Any CPU.ActiveCfg = Debug|Any CPU
		{9A79DD7D-3250-4F37-B336-4309E0AFD9B3}.Debug|Any CPU.Build.0 = Debug|Any CPU
		{9A79DD7D-3250-4F37-B336-4309E0AFD9B3}.Release|Any CPU.ActiveCfg = Release|Any CPU
		{9A79DD7D-3250-4F37-B336-4309E0AFD9B3}.Release|Any CPU.Build.0 = Release|Any CPU
		{9BC83A8D-D2AB-4D34-8F2D-91623B8E8446}.Debug|Any CPU.ActiveCfg = Debug|Any CPU
		{9BC83A8D-D2AB-4D34-8F2D-91623B8E8446}.Debug|Any CPU.Build.0 = Debug|Any CPU
		{9BC83A8D-D2AB-4D34-8F2D-91623B8E8446}.Release|Any CPU.ActiveCfg = Release|Any CPU
		{9BC83A8D-D2AB-4D34-8F2D-91623B8E8446}.Release|Any CPU.Build.0 = Release|Any CPU
	EndGlobalSection
	GlobalSection(SolutionProperties) = preSolution
		HideSolutionNode = FALSE
	EndGlobalSection
	GlobalSection(NestedProjects) = preSolution
		{EC0B7458-9274-4971-B91A-25D752F52BB0} = {79C7C84E-E82B-4107-91BC-33CF5251F550}
		{2F0834D3-C542-4A19-8C79-B1CA75580FD6} = {C2C00CC7-3DC0-4AF9-B797-650B82A8BCB3}
		{8DD4D992-281D-493B-A439-F26328D443A9} = {FF96607D-8C41-4CB8-9BAD-56CC7A715116}
		{4518C855-EA27-4632-948D-D25523790024} = {CCB4D0D9-88DD-453C-A9BA-6BF6485C04EA}
		{99BB4182-1EA3-41CF-8980-F57F69459A34} = {7A0D8B4D-921F-4910-A9F0-A26C34717E19}
		{67F3C8C2-BE2D-49CE-A8DF-10E295AEB8ED} = {7A0D8B4D-921F-4910-A9F0-A26C34717E19}
		{BCFDDC76-E449-4A38-BE64-A0C4E85176F7} = {7A0D8B4D-921F-4910-A9F0-A26C34717E19}
		{9A79DD7D-3250-4F37-B336-4309E0AFD9B3} = {0FCC221A-4DDF-4D20-A732-29C36EC318DD}
		{7A0D8B4D-921F-4910-A9F0-A26C34717E19} = {AE6343D6-C11B-46B6-9AC7-250C2DE532ED}
		{0FCC221A-4DDF-4D20-A732-29C36EC318DD} = {AE6343D6-C11B-46B6-9AC7-250C2DE532ED}
		{C2C00CC7-3DC0-4AF9-B797-650B82A8BCB3} = {48F8D5C1-D3A2-4518-AFCD-C231EA3F1DD6}
		{79C7C84E-E82B-4107-91BC-33CF5251F550} = {48F8D5C1-D3A2-4518-AFCD-C231EA3F1DD6}
		{FF96607D-8C41-4CB8-9BAD-56CC7A715116} = {48F8D5C1-D3A2-4518-AFCD-C231EA3F1DD6}
		{CCB4D0D9-88DD-453C-A9BA-6BF6485C04EA} = {48F8D5C1-D3A2-4518-AFCD-C231EA3F1DD6}
		{5891D779-61F2-4536-888D-12CC8213CDB5} = {AE6343D6-C11B-46B6-9AC7-250C2DE532ED}
		{9BC83A8D-D2AB-4D34-8F2D-91623B8E8446} = {5891D779-61F2-4536-888D-12CC8213CDB5}
	EndGlobalSection
EndGlobal
